
Microsoft Visual Studio Solution File, Format Version 12.00
# Visual Studio Version 16
VisualStudioVersion = 16.0.29025.244
MinimumVisualStudioVersion = 10.0.40219.1
Project("{FAE04EC0-301F-11D3-BF4B-00C04F79EFBC}") = "Cecilo", "Cecilo\Cecilo.csproj", "{5827444D-B2FE-4BEE-9DB9-19C752093C7B}"
EndProject
Project("{2150E333-8FDC-42A3-9474-1A3956D46DE8}") = "Solution Items", "Solution Items", "{3D2C0FAA-A3D9-4B60-A319-434900480175}"
	ProjectSection(SolutionItems) = preProject
		Readme.txt = Readme.txt
	EndProjectSection
EndProject
Global
	GlobalSection(SolutionConfigurationPlatforms) = preSolution
		Debug|Any CPU = Debug|Any CPU
		Release|Any CPU = Release|Any CPU
	EndGlobalSection
	GlobalSection(ProjectConfigurationPlatforms) = postSolution
		{5827444D-B2FE-4BEE-9DB9-19C752093C7B}.Debug|Any CPU.ActiveCfg = Debug|Any CPU
		{5827444D-B2FE-4BEE-9DB9-19C752093C7B}.Debug|Any CPU.Build.0 = Debug|Any CPU
		{5827444D-B2FE-4BEE-9DB9-19C752093C7B}.Release|Any CPU.ActiveCfg = Release|Any CPU
		{5827444D-B2FE-4BEE-9DB9-19C752093C7B}.Release|Any CPU.Build.0 = Release|Any CPU
	EndGlobalSection
	GlobalSection(SolutionProperties) = preSolution
		HideSolutionNode = FALSE
	EndGlobalSection
	GlobalSection(ExtensibilityGlobals) = postSolution
		SolutionGuid = {D1FBCEEB-408F-49FD-9536-95645EA14A63}
	EndGlobalSection
EndGlobal
